{
  "nodes": {
    "flake-compat": {
      "flake": false,
      "locked": {
        "lastModified": 1673956053,
        "narHash": "sha256-4gtG9iQuiKITOjNQQeQIpoIB6b16fm+504Ch3sNKLd8=",
        "owner": "edolstra",
        "repo": "flake-compat",
        "rev": "35bb57c0c8d8b62bbfd284272c928ceb64ddbde9",
        "type": "github"
      },
      "original": {
        "owner": "edolstra",
        "repo": "flake-compat",
        "type": "github"
      }
    },
    "flake-utils": {
      "locked": {
        "lastModified": 1659877975,
        "narHash": "sha256-zllb8aq3YO3h8B/U0/J1WBgAL8EX5yWf5pMj3G0NAmc=",
        "owner": "numtide",
        "repo": "flake-utils",
        "rev": "c0e246b9b83f637f4681389ecabcb2681b4f3af0",
        "type": "github"
      },
      "original": {
        "owner": "numtide",
        "repo": "flake-utils",
        "type": "github"
      }
    },
    "home-manager": {
      "inputs": {
        "nixpkgs": [
          "nixpkgs"
        ]
      },
      "locked": {
        "lastModified": 1706981411,
        "narHash": "sha256-cLbLPTL1CDmETVh4p0nQtvoF+FSEjsnJTFpTxhXywhQ=",
        "owner": "nix-community",
        "repo": "home-manager",
        "rev": "652fda4ca6dafeb090943422c34ae9145787af37",
        "type": "github"
      },
      "original": {
        "owner": "nix-community",
        "ref": "release-23.11",
        "repo": "home-manager",
        "type": "github"
      }
    },
    "lowdown-src": {
      "flake": false,
      "locked": {
        "lastModified": 1633514407,
        "narHash": "sha256-Dw32tiMjdK9t3ETl5fzGrutQTzh2rufgZV4A/BbxuD4=",
        "owner": "kristapsdz",
        "repo": "lowdown",
        "rev": "d2c2b44ff6c27b936ec27358a2653caaef8f73b8",
        "type": "github"
      },
      "original": {
        "owner": "kristapsdz",
        "repo": "lowdown",
        "type": "github"
      }
    },
    "nix": {
      "inputs": {
        "flake-compat": "flake-compat",
        "lowdown-src": "lowdown-src",
        "nixpkgs": "nixpkgs",
        "nixpkgs-regression": "nixpkgs-regression"
      },
      "locked": {
        "lastModified": 1707302635,
        "narHash": "sha256-x9NyESKGNTSafEltDtixoi3Ul08VEMEHceFTypo1udQ=",
        "owner": "nixos",
        "repo": "nix",
        "rev": "d829c21ef35215305fca6be0f94e0a2b9ebe9e16",
        "type": "github"
      },
      "original": {
        "owner": "nixos",
        "ref": "2.19-maintenance",
        "repo": "nix",
        "type": "github"
      }
    },
    "nixGL": {
      "inputs": {
        "flake-utils": "flake-utils",
        "nixpkgs": [
          "nixpkgs"
        ]
      },
      "locked": {
        "lastModified": 1685908677,
        "narHash": "sha256-E4zUPEUFyVWjVm45zICaHRpfGepfkE9Z2OECV9HXfA4=",
        "owner": "guibou",
        "repo": "nixGL",
        "rev": "489d6b095ab9d289fe11af0219a9ff00fe87c7c5",
        "type": "github"
      },
      "original": {
        "owner": "guibou",
        "repo": "nixGL",
        "type": "github"
      }
    },
    "nixpkgs": {
      "locked": {
        "lastModified": 1700748986,
        "narHash": "sha256-/nqLrNU297h3PCw4QyDpZKZEUHmialJdZW2ceYFobds=",
        "owner": "NixOS",
        "repo": "nixpkgs",
        "rev": "9ba29e2346bc542e9909d1021e8fd7d4b3f64db0",
        "type": "github"
      },
      "original": {
        "owner": "NixOS",
        "ref": "nixos-23.05-small",
        "repo": "nixpkgs",
        "type": "github"
      }
    },
    "nixpkgs-regression": {
      "locked": {
        "lastModified": 1643052045,
        "narHash": "sha256-uGJ0VXIhWKGXxkeNnq4TvV3CIOkUJ3PAoLZ3HMzNVMw=",
        "owner": "NixOS",
        "repo": "nixpkgs",
        "rev": "215d4d0fd80ca5163643b03a33fde804a29cc1e2",
        "type": "github"
      },
      "original": {
        "owner": "NixOS",
        "repo": "nixpkgs",
        "rev": "215d4d0fd80ca5163643b03a33fde804a29cc1e2",
        "type": "github"
      }
    },
    "nixpkgs_2": {
      "locked": {
        "lastModified": 1708979614,
        "narHash": "sha256-FWLWmYojIg6TeqxSnHkKpHu5SGnFP5um1uUjH+wRV6g=",
        "owner": "nixos",
        "repo": "nixpkgs",
        "rev": "b7ee09cf5614b02d289cd86fcfa6f24d4e078c2a",
        "type": "github"
      },
      "original": {
        "owner": "nixos",
        "ref": "nixos-23.11",
        "repo": "nixpkgs",
        "type": "github"
      }
    },
    "p_nvim-actions-preview": {
      "flake": false,
      "locked": {
        "lastModified": 1708867505,
        "narHash": "sha256-XJxwKusvtKvLdtvOjLwmwCP09djhjm9DqL4C1Eca4oY=",
        "owner": "aznhe21",
        "repo": "actions-preview.nvim",
        "rev": "5c240e6356156b72cfbf7c05feefadae61d7a06f",
        "type": "github"
      },
      "original": {
        "owner": "aznhe21",
        "repo": "actions-preview.nvim",
        "type": "github"
      }
    },
    "p_nvim-copilot": {
      "flake": false,
      "locked": {
        "lastModified": 1709095198,
        "narHash": "sha256-JX3sdsnOnjkY7r9fCtC2oauo0PXF3SQ+SHUo8ifBvAc=",
        "owner": "zbirenbaum",
        "repo": "copilot.lua",
        "rev": "f7612f5af4a7d7615babf43ab1e67a2d790c13a6",
        "type": "github"
      },
      "original": {
        "owner": "zbirenbaum",
        "repo": "copilot.lua",
        "type": "github"
      }
    },
    "p_nvim-copilot-cmp": {
      "flake": false,
      "locked": {
        "lastModified": 1694286652,
        "narHash": "sha256-srgNohm/aJpswNJ5+T7p+zi9Jinp9e5FA8/wdk6VRiY=",
        "owner": "zbirenbaum",
        "repo": "copilot-cmp",
        "rev": "72fbaa03695779f8349be3ac54fa8bd77eed3ee3",
        "type": "github"
      },
      "original": {
        "owner": "zbirenbaum",
        "repo": "copilot-cmp",
        "type": "github"
      }
    },
    "p_nvim-errorlens": {
      "flake": false,
      "locked": {
        "lastModified": 1695914176,
        "narHash": "sha256-Zxj0qq0UZLc37KQT9c9J05iAMty1fxclfQrqdFbO1BI=",
        "owner": "chikko80",
        "repo": "error-lens.nvim",
        "rev": "e13b966dfd42517a92df1eb5d73fd14905e483a6",
        "type": "github"
      },
      "original": {
        "owner": "chikko80",
        "repo": "error-lens.nvim",
        "type": "github"
      }
    },
    "p_nvim-hbac": {
      "flake": false,
      "locked": {
        "lastModified": 1699000670,
        "narHash": "sha256-7+e+p+0zMHPJjpnKNkL7QQHZJGQ1DFZ6fsofcsVNXaY=",
        "owner": "axkirillov",
        "repo": "hbac.nvim",
        "rev": "e2e8333aa56ef43a577ac3a2a2e87bdf2f0d4cbb",
        "type": "github"
      },
      "original": {
        "owner": "axkirillov",
        "repo": "hbac.nvim",
        "type": "github"
      }
    },
    "p_nvim-leap": {
      "flake": false,
      "locked": {
        "lastModified": 1708948083,
        "narHash": "sha256-mbCDI0WUxAyw7d/flAJ6omw+/ea8Mk6rpc3uPK8ARWA=",
        "owner": "ggandor",
        "repo": "leap.nvim",
        "rev": "90ca1ded0608c891ba7a63de059ce5bc8533f060",
        "type": "github"
      },
      "original": {
        "owner": "ggandor",
        "repo": "leap.nvim",
        "type": "github"
      }
    },
    "p_nvim-lsp-inlayhints": {
      "flake": false,
      "locked": {
        "lastModified": 1686236485,
        "narHash": "sha256-06CiJ+xeMO4+OJkckcslqwloJyt2gwg514JuxV6KOfQ=",
        "owner": "lvimuser",
        "repo": "lsp-inlayhints.nvim",
        "rev": "d981f65c9ae0b6062176f0accb9c151daeda6f16",
        "type": "github"
      },
      "original": {
        "owner": "lvimuser",
        "repo": "lsp-inlayhints.nvim",
        "type": "github"
      }
    },
    "p_nvim-metals": {
      "flake": false,
      "locked": {
        "lastModified": 1708614009,
        "narHash": "sha256-9iupwVBL/pKKqW/XxzgM8DB7VS6F5p8omBlRvmC0h9I=",
        "owner": "scalameta",
        "repo": "nvim-metals",
        "rev": "9f498a5f74771cedaa05871a79df91aa09ad6bd9",
        "type": "github"
      },
      "original": {
        "owner": "scalameta",
        "repo": "nvim-metals",
        "type": "github"
      }
    },
    "p_nvim-navbuddy": {
      "flake": false,
      "locked": {
        "lastModified": 1694669446,
        "narHash": "sha256-zy1Tq8M5UITNAwtAlFYaUFlHnIZ5LWD9ZLaZcy7ulQ8=",
        "owner": "SmiteshP",
        "repo": "nvim-navbuddy",
        "rev": "f137a3466a6cd1965cdcc5398daff54e66eebbe5",
        "type": "github"
      },
      "original": {
        "owner": "SmiteshP",
        "repo": "nvim-navbuddy",
        "type": "github"
      }
    },
    "p_nvim-next": {
      "flake": false,
      "locked": {
        "lastModified": 1705578394,
        "narHash": "sha256-0IjHcA9D4X7zZdmFvF3ztRwErWFGdUaivQruGc/6Cj0=",
        "owner": "ghostbuster91",
        "repo": "nvim-next",
        "rev": "52bff3f4f5ede1790d3cff295b3b9c4561677415",
        "type": "github"
      },
      "original": {
        "owner": "ghostbuster91",
        "repo": "nvim-next",
        "type": "github"
      }
    },
    "p_nvim-portal": {
      "flake": false,
      "locked": {
        "lastModified": 1707686364,
        "narHash": "sha256-xJn/3IWhSk5nFlRiI+6iNt7ocDCMWmTImo24i/0rmAk=",
        "owner": "cbochs",
        "repo": "portal.nvim",
        "rev": "eacc58201dd43164d084a889cf3525fc170493ea",
        "type": "github"
      },
      "original": {
        "owner": "cbochs",
        "repo": "portal.nvim",
        "type": "github"
      }
    },
    "p_nvim-spider": {
      "flake": false,
      "locked": {
        "lastModified": 1704194969,
        "narHash": "sha256-JFv0AIQMgNuZTn1FgCsOE4BXRvmwKQGNZ4P6/pCjF3Q=",
        "owner": "chrisgrieser",
        "repo": "nvim-spider",
        "rev": "dc371a116041c49ae6d3813f6e1722c2dcdabdcf",
        "type": "github"
      },
      "original": {
        "owner": "chrisgrieser",
        "repo": "nvim-spider",
        "type": "github"
      }
    },
    "p_nvim-tmux-resize": {
      "flake": false,
      "locked": {
        "lastModified": 1621209374,
        "narHash": "sha256-1uHcQQUnViktDBZt+aytlBF1ZG+/Ifv5VVoKSyM9ML0=",
        "owner": "RyanMillerC",
        "repo": "better-vim-tmux-resizer",
        "rev": "a791fe5b4433ac43a4dad921e94b7b5f88751048",
        "type": "github"
      },
      "original": {
        "owner": "RyanMillerC",
        "repo": "better-vim-tmux-resizer",
        "type": "github"
      }
    },
    "root": {
      "inputs": {
        "home-manager": "home-manager",
        "nix": "nix",
        "nixGL": "nixGL",
        "nixpkgs": "nixpkgs_2",
        "p_nvim-actions-preview": "p_nvim-actions-preview",
        "p_nvim-copilot": "p_nvim-copilot",
        "p_nvim-copilot-cmp": "p_nvim-copilot-cmp",
        "p_nvim-errorlens": "p_nvim-errorlens",
        "p_nvim-hbac": "p_nvim-hbac",
        "p_nvim-leap": "p_nvim-leap",
        "p_nvim-lsp-inlayhints": "p_nvim-lsp-inlayhints",
        "p_nvim-metals": "p_nvim-metals",
        "p_nvim-navbuddy": "p_nvim-navbuddy",
        "p_nvim-next": "p_nvim-next",
        "p_nvim-portal": "p_nvim-portal",
        "p_nvim-spider": "p_nvim-spider",
        "p_nvim-tmux-resize": "p_nvim-tmux-resize"
      }
    }
  },
  "root": "root",
  "version": 7
}
