{
  "nodes": {
    "flake-compat": {
      "flake": false,
      "locked": {
        "lastModified": 1673956053,
        "narHash": "sha256-4gtG9iQuiKITOjNQQeQIpoIB6b16fm+504Ch3sNKLd8=",
        "owner": "edolstra",
        "repo": "flake-compat",
        "rev": "35bb57c0c8d8b62bbfd284272c928ceb64ddbde9",
        "type": "github"
      },
      "original": {
        "owner": "edolstra",
        "repo": "flake-compat",
        "type": "github"
      }
    },
    "flake-utils": {
      "locked": {
        "lastModified": 1659877975,
        "narHash": "sha256-zllb8aq3YO3h8B/U0/J1WBgAL8EX5yWf5pMj3G0NAmc=",
        "owner": "numtide",
        "repo": "flake-utils",
        "rev": "c0e246b9b83f637f4681389ecabcb2681b4f3af0",
        "type": "github"
      },
      "original": {
        "owner": "numtide",
        "repo": "flake-utils",
        "type": "github"
      }
    },
    "home-manager": {
      "inputs": {
        "nixpkgs": [
          "nixpkgs"
        ]
      },
      "locked": {
        "lastModified": 1712386041,
        "narHash": "sha256-dA82pOMQNnCJMAsPG7AXG35VmCSMZsJHTFlTHizpKWQ=",
        "owner": "nix-community",
        "repo": "home-manager",
        "rev": "d6bb9f934f2870e5cbc5b94c79e9db22246141ff",
        "type": "github"
      },
      "original": {
        "owner": "nix-community",
        "ref": "release-23.11",
        "repo": "home-manager",
        "type": "github"
      }
    },
    "libgit2": {
      "flake": false,
      "locked": {
        "lastModified": 1697646580,
        "narHash": "sha256-oX4Z3S9WtJlwvj0uH9HlYcWv+x1hqp8mhXl7HsLu2f0=",
        "owner": "libgit2",
        "repo": "libgit2",
        "rev": "45fd9ed7ae1a9b74b957ef4f337bc3c8b3df01b5",
        "type": "github"
      },
      "original": {
        "owner": "libgit2",
        "repo": "libgit2",
        "type": "github"
      }
    },
    "nix": {
      "inputs": {
        "flake-compat": "flake-compat",
        "libgit2": "libgit2",
        "nixpkgs": "nixpkgs",
        "nixpkgs-regression": "nixpkgs-regression"
      },
      "locked": {
        "lastModified": 1712860768,
        "narHash": "sha256-UC7N3of7YXVIfo+E9k1BudAv1ra9aL0iQDZIrl7dIFw=",
        "owner": "nixos",
        "repo": "nix",
        "rev": "fcdf99b5f5ff76516ca3d0032233329797a5e0de",
        "type": "github"
      },
      "original": {
        "owner": "nixos",
        "ref": "2.20-maintenance",
        "repo": "nix",
        "type": "github"
      }
    },
    "nixGL": {
      "inputs": {
        "flake-utils": "flake-utils",
        "nixpkgs": [
          "nixpkgs"
        ]
      },
      "locked": {
        "lastModified": 1710868679,
        "narHash": "sha256-V1o2bCZdeYKP/0zgVp4EN0KUjMItAMk6J7SvCXUI5IU=",
        "owner": "guibou",
        "repo": "nixGL",
        "rev": "d709a8abcde5b01db76ca794280745a43c8662be",
        "type": "github"
      },
      "original": {
        "owner": "guibou",
        "repo": "nixGL",
        "type": "github"
      }
    },
    "nixpkgs": {
      "locked": {
        "lastModified": 1705033721,
        "narHash": "sha256-K5eJHmL1/kev6WuqyqqbS1cdNnSidIZ3jeqJ7GbrYnQ=",
        "owner": "NixOS",
        "repo": "nixpkgs",
        "rev": "a1982c92d8980a0114372973cbdfe0a307f1bdea",
        "type": "github"
      },
      "original": {
        "owner": "NixOS",
        "ref": "nixos-23.05-small",
        "repo": "nixpkgs",
        "type": "github"
      }
    },
    "nixpkgs-regression": {
      "locked": {
        "lastModified": 1643052045,
        "narHash": "sha256-uGJ0VXIhWKGXxkeNnq4TvV3CIOkUJ3PAoLZ3HMzNVMw=",
        "owner": "NixOS",
        "repo": "nixpkgs",
        "rev": "215d4d0fd80ca5163643b03a33fde804a29cc1e2",
        "type": "github"
      },
      "original": {
        "owner": "NixOS",
        "repo": "nixpkgs",
        "rev": "215d4d0fd80ca5163643b03a33fde804a29cc1e2",
        "type": "github"
      }
    },
    "nixpkgs_2": {
      "locked": {
        "lastModified": 1713145326,
        "narHash": "sha256-m7+IWM6mkWOg22EC5kRUFCycXsXLSU7hWmHdmBfmC3s=",
        "owner": "nixos",
        "repo": "nixpkgs",
        "rev": "53a2c32bc66f5ae41a28d7a9a49d321172af621e",
        "type": "github"
      },
      "original": {
        "owner": "nixos",
        "ref": "nixos-23.11",
        "repo": "nixpkgs",
        "type": "github"
      }
    },
    "p_nvim-actions-preview": {
      "flake": false,
      "locked": {
        "lastModified": 1710009411,
        "narHash": "sha256-PIzXWOqmTeesPZg82iLkvLpJtOoDDljvwJq8wdvRtqQ=",
        "owner": "aznhe21",
        "repo": "actions-preview.nvim",
        "rev": "5072b1b1065a6b22bdd46b5c21780a91d6a08071",
        "type": "github"
      },
      "original": {
        "owner": "aznhe21",
        "repo": "actions-preview.nvim",
        "type": "github"
      }
    },
    "p_nvim-copilot": {
      "flake": false,
      "locked": {
        "lastModified": 1709095198,
        "narHash": "sha256-JX3sdsnOnjkY7r9fCtC2oauo0PXF3SQ+SHUo8ifBvAc=",
        "owner": "zbirenbaum",
        "repo": "copilot.lua",
        "rev": "f7612f5af4a7d7615babf43ab1e67a2d790c13a6",
        "type": "github"
      },
      "original": {
        "owner": "zbirenbaum",
        "repo": "copilot.lua",
        "type": "github"
      }
    },
    "p_nvim-copilot-chat": {
      "flake": false,
      "locked": {
        "lastModified": 1712990755,
        "narHash": "sha256-Nwugw3YDO4DDZeluepRY7d9F5umaGviuQ2EkrF6FNd4=",
        "owner": "CopilotC-Nvim",
        "repo": "CopilotChat.nvim",
        "rev": "9898b4cd1b19c6ca639b77b34bb599a119356c1f",
        "type": "github"
      },
      "original": {
        "owner": "CopilotC-Nvim",
        "ref": "canary",
        "repo": "CopilotChat.nvim",
        "type": "github"
      }
    },
    "p_nvim-copilot-cmp": {
      "flake": false,
      "locked": {
        "lastModified": 1694286652,
        "narHash": "sha256-srgNohm/aJpswNJ5+T7p+zi9Jinp9e5FA8/wdk6VRiY=",
        "owner": "zbirenbaum",
        "repo": "copilot-cmp",
        "rev": "72fbaa03695779f8349be3ac54fa8bd77eed3ee3",
        "type": "github"
      },
      "original": {
        "owner": "zbirenbaum",
        "repo": "copilot-cmp",
        "type": "github"
      }
    },
    "p_nvim-errorlens": {
      "flake": false,
      "locked": {
        "lastModified": 1695914176,
        "narHash": "sha256-Zxj0qq0UZLc37KQT9c9J05iAMty1fxclfQrqdFbO1BI=",
        "owner": "chikko80",
        "repo": "error-lens.nvim",
        "rev": "e13b966dfd42517a92df1eb5d73fd14905e483a6",
        "type": "github"
      },
      "original": {
        "owner": "chikko80",
        "repo": "error-lens.nvim",
        "type": "github"
      }
    },
    "p_nvim-hbac": {
      "flake": false,
      "locked": {
        "lastModified": 1699000670,
        "narHash": "sha256-7+e+p+0zMHPJjpnKNkL7QQHZJGQ1DFZ6fsofcsVNXaY=",
        "owner": "axkirillov",
        "repo": "hbac.nvim",
        "rev": "e2e8333aa56ef43a577ac3a2a2e87bdf2f0d4cbb",
        "type": "github"
      },
      "original": {
        "owner": "axkirillov",
        "repo": "hbac.nvim",
        "type": "github"
      }
    },
    "p_nvim-leap": {
      "flake": false,
      "locked": {
        "lastModified": 1712927908,
        "narHash": "sha256-sSnofCInXuqaDEawT4vN1WdYl1cjK++BjSFnR1wXjr4=",
        "owner": "ggandor",
        "repo": "leap.nvim",
        "rev": "626be4c4ec040aeaf6466c9aae17ee0ab09f1a5b",
        "type": "github"
      },
      "original": {
        "owner": "ggandor",
        "repo": "leap.nvim",
        "type": "github"
      }
    },
    "p_nvim-lsp-inlayhints": {
      "flake": false,
      "locked": {
        "lastModified": 1686236485,
        "narHash": "sha256-06CiJ+xeMO4+OJkckcslqwloJyt2gwg514JuxV6KOfQ=",
        "owner": "lvimuser",
        "repo": "lsp-inlayhints.nvim",
        "rev": "d981f65c9ae0b6062176f0accb9c151daeda6f16",
        "type": "github"
      },
      "original": {
        "owner": "lvimuser",
        "repo": "lsp-inlayhints.nvim",
        "type": "github"
      }
    },
    "p_nvim-metals": {
      "flake": false,
      "locked": {
        "lastModified": 1709368177,
        "narHash": "sha256-0v3kcosNthhdOrdD825a0eLPqBXIsBJpJxYY7bzZohU=",
        "owner": "scalameta",
        "repo": "nvim-metals",
        "rev": "4f9bf0c821092f20dd34c1a4ea5b07b0500ff089",
        "type": "github"
      },
      "original": {
        "owner": "scalameta",
        "repo": "nvim-metals",
        "type": "github"
      }
    },
    "p_nvim-navbuddy": {
      "flake": false,
      "locked": {
        "lastModified": 1711239174,
        "narHash": "sha256-EZXzFjGsZHkb2Ui5uvOottPHA8X15F6xyikab4dBlYk=",
        "owner": "SmiteshP",
        "repo": "nvim-navbuddy",
        "rev": "f34237e8a41ebc6e2716af2ebf49854d8c5289c8",
        "type": "github"
      },
      "original": {
        "owner": "SmiteshP",
        "repo": "nvim-navbuddy",
        "type": "github"
      }
    },
    "p_nvim-neotree": {
      "flake": false,
      "locked": {
        "lastModified": 1713050353,
        "narHash": "sha256-9rVaPXHyLET5eomTdkcjaCnAQ4kHu9CC2Q2x9V0uCbU=",
        "owner": "nvim-neo-tree",
        "repo": "neo-tree.nvim",
        "rev": "7aad1bf3f6b849cbf108e02c55ad4d701cb4d33a",
        "type": "github"
      },
      "original": {
        "owner": "nvim-neo-tree",
        "ref": "v3.x",
        "repo": "neo-tree.nvim",
        "type": "github"
      }
    },
    "p_nvim-next": {
      "flake": false,
      "locked": {
        "lastModified": 1705578394,
        "narHash": "sha256-0IjHcA9D4X7zZdmFvF3ztRwErWFGdUaivQruGc/6Cj0=",
        "owner": "ghostbuster91",
        "repo": "nvim-next",
        "rev": "52bff3f4f5ede1790d3cff295b3b9c4561677415",
        "type": "github"
      },
      "original": {
        "owner": "ghostbuster91",
        "repo": "nvim-next",
        "type": "github"
      }
    },
    "p_nvim-portal": {
      "flake": false,
      "locked": {
        "lastModified": 1711985078,
        "narHash": "sha256-QCdyJ5in3Dm4IVlBUtbGWRZxl87gKHhRiGmZcIGEHm0=",
        "owner": "cbochs",
        "repo": "portal.nvim",
        "rev": "77d9d53fec945bfa407d5fd7120f1b4f117450ed",
        "type": "github"
      },
      "original": {
        "owner": "cbochs",
        "repo": "portal.nvim",
        "type": "github"
      }
    },
    "p_nvim-spider": {
      "flake": false,
      "locked": {
        "lastModified": 1711883887,
        "narHash": "sha256-6w8zSk32uHveDS8Ai9cSYsqgkpkyfMDvTgwSPDEHWUk=",
        "owner": "chrisgrieser",
        "repo": "nvim-spider",
        "rev": "828444de406bc7df3b30c8e000ce6f54f0754499",
        "type": "github"
      },
      "original": {
        "owner": "chrisgrieser",
        "repo": "nvim-spider",
        "type": "github"
      }
    },
    "p_nvim-telescope-livegrep-args": {
      "flake": false,
      "locked": {
        "lastModified": 1702650008,
        "narHash": "sha256-lGMtIDJnZwx811Tt0frSMbus1dYGO89sYwHMbZbhn2k=",
        "owner": "nvim-telescope",
        "repo": "telescope-live-grep-args.nvim",
        "rev": "731a046da7dd3adff9de871a42f9b7fb85f60f47",
        "type": "github"
      },
      "original": {
        "owner": "nvim-telescope",
        "repo": "telescope-live-grep-args.nvim",
        "type": "github"
      }
    },
    "p_nvim-tmux-resize": {
      "flake": false,
      "locked": {
        "lastModified": 1621209374,
        "narHash": "sha256-1uHcQQUnViktDBZt+aytlBF1ZG+/Ifv5VVoKSyM9ML0=",
        "owner": "RyanMillerC",
        "repo": "better-vim-tmux-resizer",
        "rev": "a791fe5b4433ac43a4dad921e94b7b5f88751048",
        "type": "github"
      },
      "original": {
        "owner": "RyanMillerC",
        "repo": "better-vim-tmux-resizer",
        "type": "github"
      }
    },
    "root": {
      "inputs": {
        "home-manager": "home-manager",
        "nix": "nix",
        "nixGL": "nixGL",
        "nixpkgs": "nixpkgs_2",
        "p_nvim-actions-preview": "p_nvim-actions-preview",
        "p_nvim-copilot": "p_nvim-copilot",
        "p_nvim-copilot-chat": "p_nvim-copilot-chat",
        "p_nvim-copilot-cmp": "p_nvim-copilot-cmp",
        "p_nvim-errorlens": "p_nvim-errorlens",
        "p_nvim-hbac": "p_nvim-hbac",
        "p_nvim-leap": "p_nvim-leap",
        "p_nvim-lsp-inlayhints": "p_nvim-lsp-inlayhints",
        "p_nvim-metals": "p_nvim-metals",
        "p_nvim-navbuddy": "p_nvim-navbuddy",
        "p_nvim-neotree": "p_nvim-neotree",
        "p_nvim-next": "p_nvim-next",
        "p_nvim-portal": "p_nvim-portal",
        "p_nvim-spider": "p_nvim-spider",
        "p_nvim-telescope-livegrep-args": "p_nvim-telescope-livegrep-args",
        "p_nvim-tmux-resize": "p_nvim-tmux-resize"
      }
    }
  },
  "root": "root",
  "version": 7
}
