{
  "nodes": {
    "flake-compat": {
      "flake": false,
      "locked": {
        "lastModified": 1673956053,
        "narHash": "sha256-4gtG9iQuiKITOjNQQeQIpoIB6b16fm+504Ch3sNKLd8=",
        "owner": "edolstra",
        "repo": "flake-compat",
        "rev": "35bb57c0c8d8b62bbfd284272c928ceb64ddbde9",
        "type": "github"
      },
      "original": {
        "owner": "edolstra",
        "repo": "flake-compat",
        "type": "github"
      }
    },
    "flake-utils": {
      "locked": {
        "lastModified": 1659877975,
        "narHash": "sha256-zllb8aq3YO3h8B/U0/J1WBgAL8EX5yWf5pMj3G0NAmc=",
        "owner": "numtide",
        "repo": "flake-utils",
        "rev": "c0e246b9b83f637f4681389ecabcb2681b4f3af0",
        "type": "github"
      },
      "original": {
        "owner": "numtide",
        "repo": "flake-utils",
        "type": "github"
      }
    },
    "home-manager": {
      "inputs": {
        "nixpkgs": [
          "nixpkgs"
        ]
      },
      "locked": {
        "lastModified": 1691039228,
        "narHash": "sha256-iPNZJ1LvfUf1Y456ewC0DXgf99TNssG8OLObOyqxO6M=",
        "owner": "nix-community",
        "repo": "home-manager",
        "rev": "86dd48d70a2e2c17e84e747ba4faa92453e68d4a",
        "type": "github"
      },
      "original": {
        "owner": "nix-community",
        "repo": "home-manager",
        "type": "github"
      }
    },
    "lowdown-src": {
      "flake": false,
      "locked": {
        "lastModified": 1633514407,
        "narHash": "sha256-Dw32tiMjdK9t3ETl5fzGrutQTzh2rufgZV4A/BbxuD4=",
        "owner": "kristapsdz",
        "repo": "lowdown",
        "rev": "d2c2b44ff6c27b936ec27358a2653caaef8f73b8",
        "type": "github"
      },
      "original": {
        "owner": "kristapsdz",
        "repo": "lowdown",
        "type": "github"
      }
    },
    "nix": {
      "inputs": {
        "flake-compat": "flake-compat",
        "lowdown-src": "lowdown-src",
        "nixpkgs": "nixpkgs",
        "nixpkgs-regression": "nixpkgs-regression"
      },
      "locked": {
        "lastModified": 1689866148,
        "narHash": "sha256-8qXm0W8K2MZOdP1Yjt29Q4B8J2PqAyCD+UoRRdBVx6o=",
        "owner": "nixos",
        "repo": "nix",
        "rev": "24dd90e988a739a1268cb507cbe865c13a80f778",
        "type": "github"
      },
      "original": {
        "owner": "nixos",
        "ref": "2.16-maintenance",
        "repo": "nix",
        "type": "github"
      }
    },
    "nixGL": {
      "inputs": {
        "flake-utils": "flake-utils",
        "nixpkgs": [
          "nixpkgs"
        ]
      },
      "locked": {
        "lastModified": 1685908677,
        "narHash": "sha256-E4zUPEUFyVWjVm45zICaHRpfGepfkE9Z2OECV9HXfA4=",
        "owner": "guibou",
        "repo": "nixGL",
        "rev": "489d6b095ab9d289fe11af0219a9ff00fe87c7c5",
        "type": "github"
      },
      "original": {
        "owner": "guibou",
        "repo": "nixGL",
        "type": "github"
      }
    },
    "nixpkgs": {
      "locked": {
        "lastModified": 1670461440,
        "narHash": "sha256-jy1LB8HOMKGJEGXgzFRLDU1CBGL0/LlkolgnqIsF0D8=",
        "owner": "NixOS",
        "repo": "nixpkgs",
        "rev": "04a75b2eecc0acf6239acf9dd04485ff8d14f425",
        "type": "github"
      },
      "original": {
        "owner": "NixOS",
        "ref": "nixos-22.11-small",
        "repo": "nixpkgs",
        "type": "github"
      }
    },
    "nixpkgs-regression": {
      "locked": {
        "lastModified": 1643052045,
        "narHash": "sha256-uGJ0VXIhWKGXxkeNnq4TvV3CIOkUJ3PAoLZ3HMzNVMw=",
        "owner": "NixOS",
        "repo": "nixpkgs",
        "rev": "215d4d0fd80ca5163643b03a33fde804a29cc1e2",
        "type": "github"
      },
      "original": {
        "owner": "NixOS",
        "repo": "nixpkgs",
        "rev": "215d4d0fd80ca5163643b03a33fde804a29cc1e2",
        "type": "github"
      }
    },
    "nixpkgs_2": {
      "locked": {
        "lastModified": 1691006197,
        "narHash": "sha256-DbtxVWPt+ZP5W0Usg7jAyTomIM//c3Jtfa59Ht7AV8s=",
        "owner": "nixos",
        "repo": "nixpkgs",
        "rev": "66aedfd010204949cb225cf749be08cb13ce1813",
        "type": "github"
      },
      "original": {
        "owner": "nixos",
        "ref": "nixos-unstable",
        "repo": "nixpkgs",
        "type": "github"
      }
    },
    "p_nvim-actions-preview": {
      "flake": false,
      "locked": {
        "lastModified": 1678631134,
        "narHash": "sha256-mkLn2/klAdirbqxJ3xLz2vyjEx4Sb0NLEK/LS2w8rag=",
        "owner": "aznhe21",
        "repo": "actions-preview.nvim",
        "rev": "3028c9a35853bb5fb77670fb58537ce28085329c",
        "type": "github"
      },
      "original": {
        "owner": "aznhe21",
        "repo": "actions-preview.nvim",
        "type": "github"
      }
    },
    "p_nvim-hbac": {
      "flake": false,
      "locked": {
        "lastModified": 1688380687,
        "narHash": "sha256-1uA9jQtw869YNywQ9ro5FszZJJrSw0Ce4XabVkJbQm0=",
        "owner": "axkirillov",
        "repo": "hbac.nvim",
        "rev": "afb38c35327e763e5b3b72cad09ed76e37219ace",
        "type": "github"
      },
      "original": {
        "owner": "axkirillov",
        "repo": "hbac.nvim",
        "type": "github"
      }
    },
    "p_nvim-leap": {
      "flake": false,
      "locked": {
        "lastModified": 1690120911,
        "narHash": "sha256-9GFZ5CuR92kFGwh/ouqSSp14eOLZLpzpoFTEuYL7biQ=",
        "owner": "ggandor",
        "repo": "leap.nvim",
        "rev": "5efe985cf68fac3b6a6dfe7a75fbfaca8db2af9c",
        "type": "github"
      },
      "original": {
        "owner": "ggandor",
        "repo": "leap.nvim",
        "type": "github"
      }
    },
    "p_nvim-lsp-inlayhints": {
      "flake": false,
      "locked": {
        "lastModified": 1686236485,
        "narHash": "sha256-06CiJ+xeMO4+OJkckcslqwloJyt2gwg514JuxV6KOfQ=",
        "owner": "lvimuser",
        "repo": "lsp-inlayhints.nvim",
        "rev": "d981f65c9ae0b6062176f0accb9c151daeda6f16",
        "type": "github"
      },
      "original": {
        "owner": "lvimuser",
        "repo": "lsp-inlayhints.nvim",
        "type": "github"
      }
    },
    "p_nvim-metals": {
      "flake": false,
      "locked": {
        "lastModified": 1689669759,
        "narHash": "sha256-dtkyC/Qq+j6AVX0i2v++nT75qsy6CErSHkW5izKmZuc=",
        "owner": "scalameta",
        "repo": "nvim-metals",
        "rev": "92e2085f08da4598c6ae0c19c332c5c04b33a2c5",
        "type": "github"
      },
      "original": {
        "owner": "scalameta",
        "repo": "nvim-metals",
        "type": "github"
      }
    },
    "p_nvim-navbuddy": {
      "flake": false,
      "locked": {
        "lastModified": 1690773567,
        "narHash": "sha256-eQr/BWngNLRJvgT+CsZNyPPpMsITTpVM0VwAqKgK3GU=",
        "owner": "SmiteshP",
        "repo": "nvim-navbuddy",
        "rev": "15184582a786d6b32b2724a4799891d0d69f0cdd",
        "type": "github"
      },
      "original": {
        "owner": "SmiteshP",
        "repo": "nvim-navbuddy",
        "type": "github"
      }
    },
    "p_nvim-next": {
      "flake": false,
      "locked": {
        "lastModified": 1689344845,
        "narHash": "sha256-c1ZBThvPj3ep+dyg2vy4Zu7g6po8Q1N/WKGlcDDXIks=",
        "owner": "ghostbuster91",
        "repo": "nvim-next",
        "rev": "49eaf4e1731258285791669fdedcee351c59ebdc",
        "type": "github"
      },
      "original": {
        "owner": "ghostbuster91",
        "repo": "nvim-next",
        "type": "github"
      }
    },
    "p_nvim-portal": {
      "flake": false,
      "locked": {
        "lastModified": 1679764852,
        "narHash": "sha256-n5v0FoVndkPQ18ZPP1aLcg5rvCGD7AH5POpIUoZzfTo=",
        "owner": "cbochs",
        "repo": "portal.nvim",
        "rev": "a108a87639a43f5386dd70bdf512de3806a71f7d",
        "type": "github"
      },
      "original": {
        "owner": "cbochs",
        "repo": "portal.nvim",
        "type": "github"
      }
    },
    "p_nvim-spider": {
      "flake": false,
      "locked": {
        "lastModified": 1690950340,
        "narHash": "sha256-oRP93+VpDu3Xmt/1t4VkHA5IFBrh7RWwK0qm/JWELKw=",
        "owner": "chrisgrieser",
        "repo": "nvim-spider",
        "rev": "2762267825b575bcd27a50560e1098679f120007",
        "type": "github"
      },
      "original": {
        "owner": "chrisgrieser",
        "repo": "nvim-spider",
        "type": "github"
      }
    },
    "p_nvim-tmux-resize": {
      "flake": false,
      "locked": {
        "lastModified": 1621209374,
        "narHash": "sha256-1uHcQQUnViktDBZt+aytlBF1ZG+/Ifv5VVoKSyM9ML0=",
        "owner": "RyanMillerC",
        "repo": "better-vim-tmux-resizer",
        "rev": "a791fe5b4433ac43a4dad921e94b7b5f88751048",
        "type": "github"
      },
      "original": {
        "owner": "RyanMillerC",
        "repo": "better-vim-tmux-resizer",
        "type": "github"
      }
    },
    "root": {
      "inputs": {
        "home-manager": "home-manager",
        "nix": "nix",
        "nixGL": "nixGL",
        "nixpkgs": "nixpkgs_2",
        "p_nvim-actions-preview": "p_nvim-actions-preview",
        "p_nvim-hbac": "p_nvim-hbac",
        "p_nvim-leap": "p_nvim-leap",
        "p_nvim-lsp-inlayhints": "p_nvim-lsp-inlayhints",
        "p_nvim-metals": "p_nvim-metals",
        "p_nvim-navbuddy": "p_nvim-navbuddy",
        "p_nvim-next": "p_nvim-next",
        "p_nvim-portal": "p_nvim-portal",
        "p_nvim-spider": "p_nvim-spider",
        "p_nvim-tmux-resize": "p_nvim-tmux-resize"
      }
    }
  },
  "root": "root",
  "version": 7
}
